
Microsoft Visual Studio Solution File, Format Version 12.00
# Visual Studio Version 16
VisualStudioVersion = 16.0.29215.179
MinimumVisualStudioVersion = 10.0.40219.1
Project("{FAE04EC0-301F-11D3-BF4B-00C04F79EFBC}") = "WoWRazorPage", "WoWRazorPage\WoWRazorPage.csproj", "{58BEDC24-6147-48CA-B01F-7649C5B7B411}"
EndProject
Global
	GlobalSection(SolutionConfigurationPlatforms) = preSolution
		Debug|Any CPU = Debug|Any CPU
		Release|Any CPU = Release|Any CPU
	EndGlobalSection
	GlobalSection(ProjectConfigurationPlatforms) = postSolution
		{58BEDC24-6147-48CA-B01F-7649C5B7B411}.Debug|Any CPU.ActiveCfg = Debug|Any CPU
		{58BEDC24-6147-48CA-B01F-7649C5B7B411}.Debug|Any CPU.Build.0 = Debug|Any CPU
		{58BEDC24-6147-48CA-B01F-7649C5B7B411}.Release|Any CPU.ActiveCfg = Release|Any CPU
		{58BEDC24-6147-48CA-B01F-7649C5B7B411}.Release|Any CPU.Build.0 = Release|Any CPU
	EndGlobalSection
	GlobalSection(SolutionProperties) = preSolution
		HideSolutionNode = FALSE
	EndGlobalSection
	GlobalSection(ExtensibilityGlobals) = postSolution
		SolutionGuid = {1147AC2A-0BB6-470A-9CDD-A1C91AF1241E}
	EndGlobalSection
EndGlobal
